
Microsoft Visual Studio Solution File, Format Version 12.00
# Visual Studio Version 17
VisualStudioVersion = 17.12.35707.178
MinimumVisualStudioVersion = 10.0.40219.1
Project("{FAE04EC0-301F-11D3-BF4B-00C04F79EFBC}") = "Ambev.Domain", "src\Ambev.Domain\Ambev.Domain.csproj", "{D36CFE07-7D0B-459D-A02D-80E5BA794188}"
EndProject
Project("{FAE04EC0-301F-11D3-BF4B-00C04F79EFBC}") = "Ambev.Application", "src\Ambev.Application\Ambev.Application.csproj", "{A4A334B5-E1D4-496D-8128-176518438961}"
EndProject
Project("{FAE04EC0-301F-11D3-BF4B-00C04F79EFBC}") = "Ambev.Infraestructure", "src\Ambev.Infraestructure\Ambev.Infraestructure.csproj", "{A3523D92-39A9-469B-9088-CA10F98CE32A}"
EndProject
Project("{FAE04EC0-301F-11D3-BF4B-00C04F79EFBC}") = "Ambev.CrossCutting", "src\Ambev.CrossCutting\Ambev.CrossCutting.csproj", "{D75DA2E7-948A-498C-B4AE-A419618BF7BB}"
EndProject
Project("{FAE04EC0-301F-11D3-BF4B-00C04F79EFBC}") = "Ambev.Api", "src\Ambev.Api\Ambev.Api.csproj", "{7D5068FF-1908-42BD-8C1E-06A30021A0CA}"
EndProject
Project("{FAE04EC0-301F-11D3-BF4B-00C04F79EFBC}") = "Ambev.Test", "tests\Ambev.Test\Ambev.Test.csproj", "{04915158-F818-4735-96B5-4A548C300183}"
EndProject
Project("{2150E333-8FDC-42A3-9474-1A3956D46DE8}") = "src", "src", "{B4F324FE-B594-42AA-A39F-4BBD40921832}"
EndProject
Project("{2150E333-8FDC-42A3-9474-1A3956D46DE8}") = "Ambev.Api", "Ambev.Api", "{980E0FE7-ED26-4651-99A0-9627595A27AA}"
EndProject
Project("{2150E333-8FDC-42A3-9474-1A3956D46DE8}") = "Ambev.Application", "Ambev.Application", "{84D60487-1219-4B57-B77D-B6FB19FB0329}"
EndProject
Project("{2150E333-8FDC-42A3-9474-1A3956D46DE8}") = "Ambev.CrossCutting", "Ambev.CrossCutting", "{3CC1E330-3EAA-45F6-ABEB-9284E4E18BEB}"
EndProject
Project("{2150E333-8FDC-42A3-9474-1A3956D46DE8}") = "Ambev.Domain", "Ambev.Domain", "{3B35E8C2-E0DB-4024-A430-19CA6313A995}"
EndProject
Project("{2150E333-8FDC-42A3-9474-1A3956D46DE8}") = "Ambev.Infraestructure", "Ambev.Infraestructure", "{3052E412-DCFE-44E5-B9E7-217986F71045}"
EndProject
Project("{2150E333-8FDC-42A3-9474-1A3956D46DE8}") = "tests", "tests", "{D1C5B318-9E2C-4320-B90F-2590D04622E3}"
EndProject
Project("{2150E333-8FDC-42A3-9474-1A3956D46DE8}") = "Ambev.Test", "Ambev.Test", "{3741EA89-BA1B-4B69-AB11-7F1178D99C4A}"
EndProject
Global
	GlobalSection(SolutionConfigurationPlatforms) = preSolution
		Debug|Any CPU = Debug|Any CPU
		Release|Any CPU = Release|Any CPU
	EndGlobalSection
	GlobalSection(ProjectConfigurationPlatforms) = postSolution
		{D36CFE07-7D0B-459D-A02D-80E5BA794188}.Debug|Any CPU.ActiveCfg = Debug|Any CPU
		{D36CFE07-7D0B-459D-A02D-80E5BA794188}.Debug|Any CPU.Build.0 = Debug|Any CPU
		{D36CFE07-7D0B-459D-A02D-80E5BA794188}.Release|Any CPU.ActiveCfg = Release|Any CPU
		{D36CFE07-7D0B-459D-A02D-80E5BA794188}.Release|Any CPU.Build.0 = Release|Any CPU
		{A4A334B5-E1D4-496D-8128-176518438961}.Debug|Any CPU.ActiveCfg = Debug|Any CPU
		{A4A334B5-E1D4-496D-8128-176518438961}.Debug|Any CPU.Build.0 = Debug|Any CPU
		{A4A334B5-E1D4-496D-8128-176518438961}.Release|Any CPU.ActiveCfg = Release|Any CPU
		{A4A334B5-E1D4-496D-8128-176518438961}.Release|Any CPU.Build.0 = Release|Any CPU
		{A3523D92-39A9-469B-9088-CA10F98CE32A}.Debug|Any CPU.ActiveCfg = Debug|Any CPU
		{A3523D92-39A9-469B-9088-CA10F98CE32A}.Debug|Any CPU.Build.0 = Debug|Any CPU
		{A3523D92-39A9-469B-9088-CA10F98CE32A}.Release|Any CPU.ActiveCfg = Release|Any CPU
		{A3523D92-39A9-469B-9088-CA10F98CE32A}.Release|Any CPU.Build.0 = Release|Any CPU
		{D75DA2E7-948A-498C-B4AE-A419618BF7BB}.Debug|Any CPU.ActiveCfg = Debug|Any CPU
		{D75DA2E7-948A-498C-B4AE-A419618BF7BB}.Debug|Any CPU.Build.0 = Debug|Any CPU
		{D75DA2E7-948A-498C-B4AE-A419618BF7BB}.Release|Any CPU.ActiveCfg = Release|Any CPU
		{D75DA2E7-948A-498C-B4AE-A419618BF7BB}.Release|Any CPU.Build.0 = Release|Any CPU
		{7D5068FF-1908-42BD-8C1E-06A30021A0CA}.Debug|Any CPU.ActiveCfg = Debug|Any CPU
		{7D5068FF-1908-42BD-8C1E-06A30021A0CA}.Debug|Any CPU.Build.0 = Debug|Any CPU
		{7D5068FF-1908-42BD-8C1E-06A30021A0CA}.Release|Any CPU.ActiveCfg = Release|Any CPU
		{7D5068FF-1908-42BD-8C1E-06A30021A0CA}.Release|Any CPU.Build.0 = Release|Any CPU
		{04915158-F818-4735-96B5-4A548C300183}.Debug|Any CPU.ActiveCfg = Debug|Any CPU
		{04915158-F818-4735-96B5-4A548C300183}.Debug|Any CPU.Build.0 = Debug|Any CPU
		{04915158-F818-4735-96B5-4A548C300183}.Release|Any CPU.ActiveCfg = Release|Any CPU
		{04915158-F818-4735-96B5-4A548C300183}.Release|Any CPU.Build.0 = Release|Any CPU
	EndGlobalSection
	GlobalSection(SolutionProperties) = preSolution
		HideSolutionNode = FALSE
	EndGlobalSection
	GlobalSection(NestedProjects) = preSolution
		{D36CFE07-7D0B-459D-A02D-80E5BA794188} = {3B35E8C2-E0DB-4024-A430-19CA6313A995}
		{A4A334B5-E1D4-496D-8128-176518438961} = {84D60487-1219-4B57-B77D-B6FB19FB0329}
		{A3523D92-39A9-469B-9088-CA10F98CE32A} = {3052E412-DCFE-44E5-B9E7-217986F71045}
		{D75DA2E7-948A-498C-B4AE-A419618BF7BB} = {3CC1E330-3EAA-45F6-ABEB-9284E4E18BEB}
		{7D5068FF-1908-42BD-8C1E-06A30021A0CA} = {980E0FE7-ED26-4651-99A0-9627595A27AA}
		{04915158-F818-4735-96B5-4A548C300183} = {3741EA89-BA1B-4B69-AB11-7F1178D99C4A}
		{980E0FE7-ED26-4651-99A0-9627595A27AA} = {B4F324FE-B594-42AA-A39F-4BBD40921832}
		{84D60487-1219-4B57-B77D-B6FB19FB0329} = {B4F324FE-B594-42AA-A39F-4BBD40921832}
		{3CC1E330-3EAA-45F6-ABEB-9284E4E18BEB} = {B4F324FE-B594-42AA-A39F-4BBD40921832}
		{3B35E8C2-E0DB-4024-A430-19CA6313A995} = {B4F324FE-B594-42AA-A39F-4BBD40921832}
		{3052E412-DCFE-44E5-B9E7-217986F71045} = {B4F324FE-B594-42AA-A39F-4BBD40921832}
		{3741EA89-BA1B-4B69-AB11-7F1178D99C4A} = {D1C5B318-9E2C-4320-B90F-2590D04622E3}
	EndGlobalSection
EndGlobal
